
Microsoft Visual Studio Solution File, Format Version 12.00
Project("{FAE04EC0-301F-11D3-BF4B-00C04F79EFBC}") = "BookMvcApp", "BookMvcApp.csproj", "{6289584D-AD48-48E0-8E65-CDBB3D09DD3D}"
EndProject
Global
	GlobalSection(SolutionConfigurationPlatforms) = preSolution
		Debug|Any CPU = Debug|Any CPU
		Release|Any CPU = Release|Any CPU
	EndGlobalSection
	GlobalSection(ProjectConfigurationPlatforms) = postSolution
		{6289584D-AD48-48E0-8E65-CDBB3D09DD3D}.Debug|Any CPU.ActiveCfg = Debug|Any CPU
		{6289584D-AD48-48E0-8E65-CDBB3D09DD3D}.Debug|Any CPU.Build.0 = Debug|Any CPU
		{6289584D-AD48-48E0-8E65-CDBB3D09DD3D}.Release|Any CPU.ActiveCfg = Release|Any CPU
		{6289584D-AD48-48E0-8E65-CDBB3D09DD3D}.Release|Any CPU.Build.0 = Release|Any CPU
	EndGlobalSection
EndGlobal
